{
  "name": "pwa-test-capacitor-plugins",
  "version": "0.0.4-1",
  "lockfileVersion": 1,
  "requires": true,
  "dependencies": {
    "@capacitor/core": {
      "version": "1.5.1",
      "resolved": "https://registry.npmjs.org/@capacitor/core/-/core-1.5.1.tgz",
      "integrity": "sha512-3ncsiM+G1w4/osKbtPXGfHGOp/A1WKein1EVDX3O151aqjNf44F+n/zweZG1XvtOmY4AHNaQcHYO/s9nMOmPOw==",
      "requires": {
        "tslib": "^1.9.0"
      }
    },
    "@ionic/core": {
      "version": "5.0.5",
      "resolved": "https://registry.npmjs.org/@ionic/core/-/core-5.0.5.tgz",
      "integrity": "sha512-k0O5V/3sFB55E+hKSqio1iDfwibZdlI97PuaI4PcGQDytzUCyGTlGAZn6iLi82NZqBRWWLOpwy+8N/cySiTWKg==",
      "requires": {
        "ionicons": "^5.0.1",
        "tslib": "^1.10.0"
      }
    },
    "@jeepq/capacitor": {
      "version": "0.0.4-1",
      "resolved": "https://registry.npmjs.org/@jeepq/capacitor/-/capacitor-0.0.4-1.tgz",
      "integrity": "sha512-1QBVPb1XaT7XuIfTJ8Hiqc8GXbDvuBSqjPIdKLeHZtDsWbd6Rf4ayUM/4oPqeKjCmBeEJ5dvfVs4hxlfdAb17A==",
      "requires": {
        "@capacitor/core": "^1.5.1",
        "jeep-localforage": "^1.7.5-4"
      }
    },
    "@stencil/core": {
      "version": "1.9.2",
      "resolved": "https://registry.npmjs.org/@stencil/core/-/core-1.9.2.tgz",
      "integrity": "sha512-ddkPvesgeVV5RPEcx8lWhYcid5vCmcfcg6KPvul8rgiBLxPsvwcVJ+SbJuuJhy5cQrEkHq/SZcpcxB72LTBWbQ==",
      "dev": true,
      "requires": {
        "typescript": "3.8.3"
      }
    },
    "immediate": {
      "version": "3.0.6",
      "resolved": "https://registry.npmjs.org/immediate/-/immediate-3.0.6.tgz",
      "integrity": "sha1-nbHb0Pr43m++D13V5Wu2BigN5ps="
    },
    "ionicons": {
      "version": "5.0.1",
      "resolved": "https://registry.npmjs.org/ionicons/-/ionicons-5.0.1.tgz",
      "integrity": "sha512-P9GHr7pgCJcG211W0wute49NZ9AvJZvFJf4OwYybakjX6j7tu0q5t5HNWn9bcb9YjI7SxBblJg8iqQ1Yb59DXw=="
    },
    "jeep-localforage": {
      "version": "1.7.5-4",
      "resolved": "https://registry.npmjs.org/jeep-localforage/-/jeep-localforage-1.7.5-4.tgz",
      "integrity": "sha512-4BOROWSemVatgRVDQjk1cltKKcZIYEEXG0EqwUKJ6n5viE3FOTptYo2tgvnpYxPLEmE54us6XFTz3IwrlzunEw==",
      "requires": {
        "lie": "3.1.1"
      }
    },
    "lie": {
      "version": "3.1.1",
      "resolved": "https://registry.npmjs.org/lie/-/lie-3.1.1.tgz",
      "integrity": "sha1-mkNrLMd0bKWd56QfpGmz77dr2H4=",
      "requires": {
        "immediate": "~3.0.5"
      }
    },
    "tslib": {
      "version": "1.11.1",
      "resolved": "https://registry.npmjs.org/tslib/-/tslib-1.11.1.tgz",
      "integrity": "sha512-aZW88SY8kQbU7gpV19lN24LtXh/yD4ZZg6qieAJDDg+YBsJcSmLGK9QpnUjAKVG/xefmvJGd1WUmfpT/g6AJGA=="
    },
    "typescript": {
      "version": "3.8.3",
      "resolved": "https://registry.npmjs.org/typescript/-/typescript-3.8.3.tgz",
      "integrity": "sha512-MYlEfn5VrLNsgudQTVJeNaQFUAI7DkhnOjdpAp4T+ku1TfQClewlbSuTVHiA+8skNBgaf02TL/kLOvig4y3G8w==",
      "dev": true
    }
  }
}
